// !$*UTF8*$!
{
	archiveVersion = 1;
	classes = {
	};
	objectVersion = 77;
	objects = {

/* Begin PBXBuildFile section */
		149B2A4A2DDC2661005EA674 /* .gitignore in Resources */ = {isa = PBXBuildFile; fileRef = 149B2A492DDC2661005EA674 /* .gitignore */; };
		149B2D0C2DDC3546005EA674 /* RxCocoa in Frameworks */ = {isa = PBXBuildFile; productRef = 149B2D0B2DDC3546005EA674 /* RxCocoa */; };
		149B2D0E2DDC3546005EA674 /* RxRelay in Frameworks */ = {isa = PBXBuildFile; productRef = 149B2D0D2DDC3546005EA674 /* RxRelay */; };
		149B2D102DDC3546005EA674 /* RxSwift in Frameworks */ = {isa = PBXBuildFile; productRef = 149B2D0F2DDC3546005EA674 /* RxSwift */; };
		149B2D132DDC3553005EA674 /* SnapKit in Frameworks */ = {isa = PBXBuildFile; productRef = 149B2D122DDC3553005EA674 /* SnapKit */; };
		149B2D162DDC355E005EA674 /* Then in Frameworks */ = {isa = PBXBuildFile; productRef = 149B2D152DDC355E005EA674 /* Then */; };
		8615407E2DDDB6240099D412 /* RxDataSources in Frameworks */ = {isa = PBXBuildFile; productRef = 8615407D2DDDB6240099D412 /* RxDataSources */; };
		C9D7FE222DE620CB00532EDF /* WidgetKit.framework in Frameworks */ = {isa = PBXBuildFile; fileRef = C9D7FE212DE620CA00532EDF /* WidgetKit.framework */; };
		C9D7FE242DE620CB00532EDF /* SwiftUI.framework in Frameworks */ = {isa = PBXBuildFile; fileRef = C9D7FE232DE620CB00532EDF /* SwiftUI.framework */; };
		C9D7FE352DE620CE00532EDF /* BeontteukWidgetExtension.appex in Embed Foundation Extensions */ = {isa = PBXBuildFile; fileRef = C9D7FE1F2DE620CA00532EDF /* BeontteukWidgetExtension.appex */; settings = {ATTRIBUTES = (RemoveHeadersOnCopy, ); }; };
/* End PBXBuildFile section */

/* Begin PBXContainerItemProxy section */
		149B2A2C2DDC263B005EA674 /* PBXContainerItemProxy */ = {
			isa = PBXContainerItemProxy;
			containerPortal = 149B2A0A2DDC263A005EA674 /* Project object */;
			proxyType = 1;
			remoteGlobalIDString = 149B2A112DDC263A005EA674;
			remoteInfo = Alarm;
		};
		149B2A362DDC263B005EA674 /* PBXContainerItemProxy */ = {
			isa = PBXContainerItemProxy;
			containerPortal = 149B2A0A2DDC263A005EA674 /* Project object */;
			proxyType = 1;
			remoteGlobalIDString = 149B2A112DDC263A005EA674;
			remoteInfo = Alarm;
		};
		C9D7FE332DE620CE00532EDF /* PBXContainerItemProxy */ = {
			isa = PBXContainerItemProxy;
			containerPortal = 149B2A0A2DDC263A005EA674 /* Project object */;
			proxyType = 1;
			remoteGlobalIDString = C9D7FE1E2DE620CA00532EDF;
			remoteInfo = BeontteukWidgetExtension;
		};
/* End PBXContainerItemProxy section */

/* Begin PBXCopyFilesBuildPhase section */
		C9D7FE362DE620CE00532EDF /* Embed Foundation Extensions */ = {
			isa = PBXCopyFilesBuildPhase;
			buildActionMask = 2147483647;
			dstPath = "";
			dstSubfolderSpec = 13;
			files = (
				C9D7FE352DE620CE00532EDF /* BeontteukWidgetExtension.appex in Embed Foundation Extensions */,
			);
			name = "Embed Foundation Extensions";
			runOnlyForDeploymentPostprocessing = 0;
		};
/* End PBXCopyFilesBuildPhase section */

/* Begin PBXFileReference section */
		149B2A122DDC263A005EA674 /* Beontteuk.app */ = {isa = PBXFileReference; explicitFileType = wrapper.application; includeInIndex = 0; path = Beontteuk.app; sourceTree = BUILT_PRODUCTS_DIR; };
		149B2A2B2DDC263B005EA674 /* BeontteukTests.xctest */ = {isa = PBXFileReference; explicitFileType = wrapper.cfbundle; includeInIndex = 0; path = BeontteukTests.xctest; sourceTree = BUILT_PRODUCTS_DIR; };
		149B2A352DDC263B005EA674 /* BeontteukUITests.xctest */ = {isa = PBXFileReference; explicitFileType = wrapper.cfbundle; includeInIndex = 0; path = BeontteukUITests.xctest; sourceTree = BUILT_PRODUCTS_DIR; };
		149B2A492DDC2661005EA674 /* .gitignore */ = {isa = PBXFileReference; lastKnownFileType = text; path = .gitignore; sourceTree = "<group>"; };
		C9D7FE1F2DE620CA00532EDF /* BeontteukWidgetExtension.appex */ = {isa = PBXFileReference; explicitFileType = "wrapper.app-extension"; includeInIndex = 0; path = BeontteukWidgetExtension.appex; sourceTree = BUILT_PRODUCTS_DIR; };
		C9D7FE212DE620CA00532EDF /* WidgetKit.framework */ = {isa = PBXFileReference; lastKnownFileType = wrapper.framework; name = WidgetKit.framework; path = System/Library/Frameworks/WidgetKit.framework; sourceTree = SDKROOT; };
		C9D7FE232DE620CB00532EDF /* SwiftUI.framework */ = {isa = PBXFileReference; lastKnownFileType = wrapper.framework; name = SwiftUI.framework; path = System/Library/Frameworks/SwiftUI.framework; sourceTree = SDKROOT; };
/* End PBXFileReference section */

/* Begin PBXFileSystemSynchronizedBuildFileExceptionSet section */
		149B2A3D2DDC263B005EA674 /* Exceptions for "Beontteuk" folder in "Beontteuk" target */ = {
			isa = PBXFileSystemSynchronizedBuildFileExceptionSet;
			membershipExceptions = (
				Resources/Info.plist,
			);
			target = 149B2A112DDC263A005EA674 /* Beontteuk */;
		};
		C9D7FE3A2DE620CE00532EDF /* Exceptions for "BeontteukWidget" folder in "BeontteukWidgetExtension" target */ = {
			isa = PBXFileSystemSynchronizedBuildFileExceptionSet;
			membershipExceptions = (
				Info.plist,
			);
			target = C9D7FE1E2DE620CA00532EDF /* BeontteukWidgetExtension */;
		};
		C9D7FE452DE6291F00532EDF /* Exceptions for "Beontteuk" folder in "BeontteukWidgetExtension" target */ = {
			isa = PBXFileSystemSynchronizedBuildFileExceptionSet;
			membershipExceptions = (
				Presentation/Shared/Extension/Extension.swift,
				Presentation/Shared/LiveActivity/LiveActivityManager.swift,
				Resources/Assets.xcassets,
			);
			target = C9D7FE1E2DE620CA00532EDF /* BeontteukWidgetExtension */;
		};
		C9D7FE4B2DE62B9F00532EDF /* Exceptions for "BeontteukWidget" folder in "Beontteuk" target */ = {
			isa = PBXFileSystemSynchronizedBuildFileExceptionSet;
			membershipExceptions = (
				BeontteukWidgetLiveActivity.swift,
			);
			target = 149B2A112DDC263A005EA674 /* Beontteuk */;
		};
/* End PBXFileSystemSynchronizedBuildFileExceptionSet section */

/* Begin PBXFileSystemSynchronizedRootGroup section */
		149B2A142DDC263A005EA674 /* Beontteuk */ = {
			isa = PBXFileSystemSynchronizedRootGroup;
			exceptions = (
				149B2A3D2DDC263B005EA674 /* Exceptions for "Beontteuk" folder in "Beontteuk" target */,
				C9D7FE452DE6291F00532EDF /* Exceptions for "Beontteuk" folder in "BeontteukWidgetExtension" target */,
			);
			path = Beontteuk;
			sourceTree = "<group>";
		};
		149B2A2E2DDC263B005EA674 /* BeontteukTests */ = {
			isa = PBXFileSystemSynchronizedRootGroup;
			path = BeontteukTests;
			sourceTree = "<group>";
		};
		149B2A382DDC263B005EA674 /* BeontteukUITests */ = {
			isa = PBXFileSystemSynchronizedRootGroup;
			path = BeontteukUITests;
			sourceTree = "<group>";
		};
		C9D7FE252DE620CB00532EDF /* BeontteukWidget */ = {
			isa = PBXFileSystemSynchronizedRootGroup;
			exceptions = (
				C9D7FE4B2DE62B9F00532EDF /* Exceptions for "BeontteukWidget" folder in "Beontteuk" target */,
				C9D7FE3A2DE620CE00532EDF /* Exceptions for "BeontteukWidget" folder in "BeontteukWidgetExtension" target */,
			);
			path = BeontteukWidget;
			sourceTree = "<group>";
		};
/* End PBXFileSystemSynchronizedRootGroup section */

/* Begin PBXFrameworksBuildPhase section */
		149B2A0F2DDC263A005EA674 /* Frameworks */ = {
			isa = PBXFrameworksBuildPhase;
			buildActionMask = 2147483647;
			files = (
				149B2D162DDC355E005EA674 /* Then in Frameworks */,
				149B2D102DDC3546005EA674 /* RxSwift in Frameworks */,
				149B2D132DDC3553005EA674 /* SnapKit in Frameworks */,
				8615407E2DDDB6240099D412 /* RxDataSources in Frameworks */,
				149B2D0E2DDC3546005EA674 /* RxRelay in Frameworks */,
				149B2D0C2DDC3546005EA674 /* RxCocoa in Frameworks */,
			);
			runOnlyForDeploymentPostprocessing = 0;
		};
		149B2A282DDC263B005EA674 /* Frameworks */ = {
			isa = PBXFrameworksBuildPhase;
			buildActionMask = 2147483647;
			files = (
			);
			runOnlyForDeploymentPostprocessing = 0;
		};
		149B2A322DDC263B005EA674 /* Frameworks */ = {
			isa = PBXFrameworksBuildPhase;
			buildActionMask = 2147483647;
			files = (
			);
			runOnlyForDeploymentPostprocessing = 0;
		};
		C9D7FE1C2DE620CA00532EDF /* Frameworks */ = {
			isa = PBXFrameworksBuildPhase;
			buildActionMask = 2147483647;
			files = (
				C9D7FE242DE620CB00532EDF /* SwiftUI.framework in Frameworks */,
				C9D7FE222DE620CB00532EDF /* WidgetKit.framework in Frameworks */,
			);
			runOnlyForDeploymentPostprocessing = 0;
		};
/* End PBXFrameworksBuildPhase section */

/* Begin PBXGroup section */
		149B2A092DDC263A005EA674 = {
			isa = PBXGroup;
			children = (
				149B2A492DDC2661005EA674 /* .gitignore */,
				149B2A142DDC263A005EA674 /* Beontteuk */,
				149B2A2E2DDC263B005EA674 /* BeontteukTests */,
				149B2A382DDC263B005EA674 /* BeontteukUITests */,
				C9D7FE252DE620CB00532EDF /* BeontteukWidget */,
				C9D7FE202DE620CA00532EDF /* Frameworks */,
				149B2A132DDC263A005EA674 /* Products */,
			);
			sourceTree = "<group>";
		};
		149B2A132DDC263A005EA674 /* Products */ = {
			isa = PBXGroup;
			children = (
				149B2A122DDC263A005EA674 /* Beontteuk.app */,
				149B2A2B2DDC263B005EA674 /* BeontteukTests.xctest */,
				149B2A352DDC263B005EA674 /* BeontteukUITests.xctest */,
				C9D7FE1F2DE620CA00532EDF /* BeontteukWidgetExtension.appex */,
			);
			name = Products;
			sourceTree = "<group>";
		};
		C9D7FE202DE620CA00532EDF /* Frameworks */ = {
			isa = PBXGroup;
			children = (
				C9D7FE212DE620CA00532EDF /* WidgetKit.framework */,
				C9D7FE232DE620CB00532EDF /* SwiftUI.framework */,
			);
			name = Frameworks;
			sourceTree = "<group>";
		};
/* End PBXGroup section */

/* Begin PBXNativeTarget section */
		149B2A112DDC263A005EA674 /* Beontteuk */ = {
			isa = PBXNativeTarget;
			buildConfigurationList = 149B2A3E2DDC263B005EA674 /* Build configuration list for PBXNativeTarget "Beontteuk" */;
			buildPhases = (
				149B2A0E2DDC263A005EA674 /* Sources */,
				149B2A0F2DDC263A005EA674 /* Frameworks */,
				149B2A102DDC263A005EA674 /* Resources */,
				C9D7FE362DE620CE00532EDF /* Embed Foundation Extensions */,
			);
			buildRules = (
			);
			dependencies = (
				C9D7FE342DE620CE00532EDF /* PBXTargetDependency */,
			);
			fileSystemSynchronizedGroups = (
				149B2A142DDC263A005EA674 /* Beontteuk */,
			);
			name = Beontteuk;
			packageProductDependencies = (
				149B2D0B2DDC3546005EA674 /* RxCocoa */,
				149B2D0D2DDC3546005EA674 /* RxRelay */,
				149B2D0F2DDC3546005EA674 /* RxSwift */,
				149B2D122DDC3553005EA674 /* SnapKit */,
				149B2D152DDC355E005EA674 /* Then */,
				8615407D2DDDB6240099D412 /* RxDataSources */,
			);
			productName = Alarm;
			productReference = 149B2A122DDC263A005EA674 /* Beontteuk.app */;
			productType = "com.apple.product-type.application";
		};
		149B2A2A2DDC263B005EA674 /* BeontteukTests */ = {
			isa = PBXNativeTarget;
			buildConfigurationList = 149B2A432DDC263B005EA674 /* Build configuration list for PBXNativeTarget "BeontteukTests" */;
			buildPhases = (
				149B2A272DDC263B005EA674 /* Sources */,
				149B2A282DDC263B005EA674 /* Frameworks */,
				149B2A292DDC263B005EA674 /* Resources */,
			);
			buildRules = (
			);
			dependencies = (
				149B2A2D2DDC263B005EA674 /* PBXTargetDependency */,
			);
			fileSystemSynchronizedGroups = (
				149B2A2E2DDC263B005EA674 /* BeontteukTests */,
			);
			name = BeontteukTests;
			packageProductDependencies = (
			);
			productName = AlarmTests;
			productReference = 149B2A2B2DDC263B005EA674 /* BeontteukTests.xctest */;
			productType = "com.apple.product-type.bundle.unit-test";
		};
		149B2A342DDC263B005EA674 /* BeontteukUITests */ = {
			isa = PBXNativeTarget;
			buildConfigurationList = 149B2A462DDC263B005EA674 /* Build configuration list for PBXNativeTarget "BeontteukUITests" */;
			buildPhases = (
				149B2A312DDC263B005EA674 /* Sources */,
				149B2A322DDC263B005EA674 /* Frameworks */,
				149B2A332DDC263B005EA674 /* Resources */,
			);
			buildRules = (
			);
			dependencies = (
				149B2A372DDC263B005EA674 /* PBXTargetDependency */,
			);
			fileSystemSynchronizedGroups = (
				149B2A382DDC263B005EA674 /* BeontteukUITests */,
			);
			name = BeontteukUITests;
			packageProductDependencies = (
			);
			productName = AlarmUITests;
			productReference = 149B2A352DDC263B005EA674 /* BeontteukUITests.xctest */;
			productType = "com.apple.product-type.bundle.ui-testing";
		};
		C9D7FE1E2DE620CA00532EDF /* BeontteukWidgetExtension */ = {
			isa = PBXNativeTarget;
			buildConfigurationList = C9D7FE392DE620CE00532EDF /* Build configuration list for PBXNativeTarget "BeontteukWidgetExtension" */;
			buildPhases = (
				C9D7FE1B2DE620CA00532EDF /* Sources */,
				C9D7FE1C2DE620CA00532EDF /* Frameworks */,
				C9D7FE1D2DE620CA00532EDF /* Resources */,
			);
			buildRules = (
			);
			dependencies = (
			);
			fileSystemSynchronizedGroups = (
				C9D7FE252DE620CB00532EDF /* BeontteukWidget */,
			);
			name = BeontteukWidgetExtension;
			packageProductDependencies = (
			);
			productName = BeontteukWidgetExtension;
			productReference = C9D7FE1F2DE620CA00532EDF /* BeontteukWidgetExtension.appex */;
			productType = "com.apple.product-type.app-extension";
		};
/* End PBXNativeTarget section */

/* Begin PBXProject section */
		149B2A0A2DDC263A005EA674 /* Project object */ = {
			isa = PBXProject;
			attributes = {
				BuildIndependentTargetsInParallel = 1;
				LastSwiftUpdateCheck = 1630;
				LastUpgradeCheck = 1630;
				TargetAttributes = {
					149B2A112DDC263A005EA674 = {
						CreatedOnToolsVersion = 16.3;
					};
					149B2A2A2DDC263B005EA674 = {
						CreatedOnToolsVersion = 16.3;
						TestTargetID = 149B2A112DDC263A005EA674;
					};
					149B2A342DDC263B005EA674 = {
						CreatedOnToolsVersion = 16.3;
						TestTargetID = 149B2A112DDC263A005EA674;
					};
					C9D7FE1E2DE620CA00532EDF = {
						CreatedOnToolsVersion = 16.3;
					};
				};
			};
			buildConfigurationList = 149B2A0D2DDC263A005EA674 /* Build configuration list for PBXProject "Beontteuk" */;
			developmentRegion = en;
			hasScannedForEncodings = 0;
			knownRegions = (
				en,
				Base,
			);
			mainGroup = 149B2A092DDC263A005EA674;
			minimizedProjectReferenceProxies = 1;
			packageReferences = (
				149B2D0A2DDC3546005EA674 /* XCRemoteSwiftPackageReference "RxSwift" */,
				149B2D112DDC3553005EA674 /* XCRemoteSwiftPackageReference "SnapKit" */,
				149B2D142DDC355E005EA674 /* XCRemoteSwiftPackageReference "Then" */,
				8615407C2DDDB6240099D412 /* XCRemoteSwiftPackageReference "RxDataSources" */,
			);
			preferredProjectObjectVersion = 77;
			productRefGroup = 149B2A132DDC263A005EA674 /* Products */;
			projectDirPath = "";
			projectRoot = "";
			targets = (
				149B2A112DDC263A005EA674 /* Beontteuk */,
				149B2A2A2DDC263B005EA674 /* BeontteukTests */,
				149B2A342DDC263B005EA674 /* BeontteukUITests */,
				C9D7FE1E2DE620CA00532EDF /* BeontteukWidgetExtension */,
			);
		};
/* End PBXProject section */

/* Begin PBXResourcesBuildPhase section */
		149B2A102DDC263A005EA674 /* Resources */ = {
			isa = PBXResourcesBuildPhase;
			buildActionMask = 2147483647;
			files = (
				149B2A4A2DDC2661005EA674 /* .gitignore in Resources */,
			);
			runOnlyForDeploymentPostprocessing = 0;
		};
		149B2A292DDC263B005EA674 /* Resources */ = {
			isa = PBXResourcesBuildPhase;
			buildActionMask = 2147483647;
			files = (
			);
			runOnlyForDeploymentPostprocessing = 0;
		};
		149B2A332DDC263B005EA674 /* Resources */ = {
			isa = PBXResourcesBuildPhase;
			buildActionMask = 2147483647;
			files = (
			);
			runOnlyForDeploymentPostprocessing = 0;
		};
		C9D7FE1D2DE620CA00532EDF /* Resources */ = {
			isa = PBXResourcesBuildPhase;
			buildActionMask = 2147483647;
			files = (
			);
			runOnlyForDeploymentPostprocessing = 0;
		};
/* End PBXResourcesBuildPhase section */

/* Begin PBXSourcesBuildPhase section */
		149B2A0E2DDC263A005EA674 /* Sources */ = {
			isa = PBXSourcesBuildPhase;
			buildActionMask = 2147483647;
			files = (
			);
			runOnlyForDeploymentPostprocessing = 0;
		};
		149B2A272DDC263B005EA674 /* Sources */ = {
			isa = PBXSourcesBuildPhase;
			buildActionMask = 2147483647;
			files = (
			);
			runOnlyForDeploymentPostprocessing = 0;
		};
		149B2A312DDC263B005EA674 /* Sources */ = {
			isa = PBXSourcesBuildPhase;
			buildActionMask = 2147483647;
			files = (
			);
			runOnlyForDeploymentPostprocessing = 0;
		};
		C9D7FE1B2DE620CA00532EDF /* Sources */ = {
			isa = PBXSourcesBuildPhase;
			buildActionMask = 2147483647;
			files = (
			);
			runOnlyForDeploymentPostprocessing = 0;
		};
/* End PBXSourcesBuildPhase section */

/* Begin PBXTargetDependency section */
		149B2A2D2DDC263B005EA674 /* PBXTargetDependency */ = {
			isa = PBXTargetDependency;
			target = 149B2A112DDC263A005EA674 /* Beontteuk */;
			targetProxy = 149B2A2C2DDC263B005EA674 /* PBXContainerItemProxy */;
		};
		149B2A372DDC263B005EA674 /* PBXTargetDependency */ = {
			isa = PBXTargetDependency;
			target = 149B2A112DDC263A005EA674 /* Beontteuk */;
			targetProxy = 149B2A362DDC263B005EA674 /* PBXContainerItemProxy */;
		};
		C9D7FE342DE620CE00532EDF /* PBXTargetDependency */ = {
			isa = PBXTargetDependency;
			target = C9D7FE1E2DE620CA00532EDF /* BeontteukWidgetExtension */;
			targetProxy = C9D7FE332DE620CE00532EDF /* PBXContainerItemProxy */;
		};
/* End PBXTargetDependency section */

/* Begin XCBuildConfiguration section */
		149B2A3F2DDC263B005EA674 /* Debug */ = {
			isa = XCBuildConfiguration;
			buildSettings = {
				ASSETCATALOG_COMPILER_APPICON_NAME = AppIcon;
				ASSETCATALOG_COMPILER_GLOBAL_ACCENT_COLOR_NAME = AccentColor;
				CODE_SIGN_STYLE = Automatic;
				CURRENT_PROJECT_VERSION = 1;
				DEVELOPMENT_TEAM = "";
				GENERATE_INFOPLIST_FILE = YES;
				INFOPLIST_FILE = Beontteuk/Resources/Info.plist;
				INFOPLIST_KEY_CFBundleDisplayName = "번뜩";
				INFOPLIST_KEY_NSSupportsLiveActivities = YES;
				INFOPLIST_KEY_UIApplicationSupportsIndirectInputEvents = YES;
				INFOPLIST_KEY_UILaunchStoryboardName = LaunchScreen;
				INFOPLIST_KEY_UISupportedInterfaceOrientations_iPad = "UIInterfaceOrientationPortrait UIInterfaceOrientationPortraitUpsideDown UIInterfaceOrientationLandscapeLeft UIInterfaceOrientationLandscapeRight";
				INFOPLIST_KEY_UISupportedInterfaceOrientations_iPhone = "UIInterfaceOrientationPortrait UIInterfaceOrientationLandscapeLeft UIInterfaceOrientationLandscapeRight";
				INFOPLIST_KEY_UIUserInterfaceStyle = Light;
				IPHONEOS_DEPLOYMENT_TARGET = 16.2;
				LD_RUNPATH_SEARCH_PATHS = (
					"$(inherited)",
					"@executable_path/Frameworks",
				);
				MARKETING_VERSION = 1.0;
				PRODUCT_BUNDLE_IDENTIFIER = com.developAlot.Beontteuk;
				PRODUCT_NAME = "$(TARGET_NAME)";
				SUPPORTED_PLATFORMS = "iphoneos iphonesimulator";
				SUPPORTS_MACCATALYST = NO;
				SUPPORTS_MAC_DESIGNED_FOR_IPHONE_IPAD = NO;
				SUPPORTS_XR_DESIGNED_FOR_IPHONE_IPAD = NO;
				SWIFT_EMIT_LOC_STRINGS = YES;
				SWIFT_VERSION = 5.0;
				TARGETED_DEVICE_FAMILY = 1;
			};
			name = Debug;
		};
		149B2A402DDC263B005EA674 /* Release */ = {
			isa = XCBuildConfiguration;
			buildSettings = {
				ASSETCATALOG_COMPILER_APPICON_NAME = AppIcon;
				ASSETCATALOG_COMPILER_GLOBAL_ACCENT_COLOR_NAME = AccentColor;
				CODE_SIGN_STYLE = Automatic;
				CURRENT_PROJECT_VERSION = 1;
				DEVELOPMENT_TEAM = "";
				GENERATE_INFOPLIST_FILE = YES;
				INFOPLIST_FILE = Beontteuk/Resources/Info.plist;
				INFOPLIST_KEY_CFBundleDisplayName = "번뜩";
				INFOPLIST_KEY_NSSupportsLiveActivities = YES;
				INFOPLIST_KEY_UIApplicationSupportsIndirectInputEvents = YES;
				INFOPLIST_KEY_UILaunchStoryboardName = LaunchScreen;
				INFOPLIST_KEY_UISupportedInterfaceOrientations_iPad = "UIInterfaceOrientationPortrait UIInterfaceOrientationPortraitUpsideDown UIInterfaceOrientationLandscapeLeft UIInterfaceOrientationLandscapeRight";
				INFOPLIST_KEY_UISupportedInterfaceOrientations_iPhone = "UIInterfaceOrientationPortrait UIInterfaceOrientationLandscapeLeft UIInterfaceOrientationLandscapeRight";
				INFOPLIST_KEY_UIUserInterfaceStyle = Light;
				IPHONEOS_DEPLOYMENT_TARGET = 16.2;
				LD_RUNPATH_SEARCH_PATHS = (
					"$(inherited)",
					"@executable_path/Frameworks",
				);
				MARKETING_VERSION = 1.0;
				PRODUCT_BUNDLE_IDENTIFIER = com.developAlot.Beontteuk;
				PRODUCT_NAME = "$(TARGET_NAME)";
				SUPPORTED_PLATFORMS = "iphoneos iphonesimulator";
				SUPPORTS_MACCATALYST = NO;
				SUPPORTS_MAC_DESIGNED_FOR_IPHONE_IPAD = NO;
				SUPPORTS_XR_DESIGNED_FOR_IPHONE_IPAD = NO;
				SWIFT_EMIT_LOC_STRINGS = YES;
				SWIFT_VERSION = 5.0;
				TARGETED_DEVICE_FAMILY = 1;
			};
			name = Release;
		};
		149B2A412DDC263B005EA674 /* Debug */ = {
			isa = XCBuildConfiguration;
			buildSettings = {
				ALWAYS_SEARCH_USER_PATHS = NO;
				ASSETCATALOG_COMPILER_GENERATE_SWIFT_ASSET_SYMBOL_EXTENSIONS = YES;
				CLANG_ANALYZER_NONNULL = YES;
				CLANG_ANALYZER_NUMBER_OBJECT_CONVERSION = YES_AGGRESSIVE;
				CLANG_CXX_LANGUAGE_STANDARD = "gnu++20";
				CLANG_ENABLE_MODULES = YES;
				CLANG_ENABLE_OBJC_ARC = YES;
				CLANG_ENABLE_OBJC_WEAK = YES;
				CLANG_WARN_BLOCK_CAPTURE_AUTORELEASING = YES;
				CLANG_WARN_BOOL_CONVERSION = YES;
				CLANG_WARN_COMMA = YES;
				CLANG_WARN_CONSTANT_CONVERSION = YES;
				CLANG_WARN_DEPRECATED_OBJC_IMPLEMENTATIONS = YES;
				CLANG_WARN_DIRECT_OBJC_ISA_USAGE = YES_ERROR;
				CLANG_WARN_DOCUMENTATION_COMMENTS = YES;
				CLANG_WARN_EMPTY_BODY = YES;
				CLANG_WARN_ENUM_CONVERSION = YES;
				CLANG_WARN_INFINITE_RECURSION = YES;
				CLANG_WARN_INT_CONVERSION = YES;
				CLANG_WARN_NON_LITERAL_NULL_CONVERSION = YES;
				CLANG_WARN_OBJC_IMPLICIT_RETAIN_SELF = YES;
				CLANG_WARN_OBJC_LITERAL_CONVERSION = YES;
				CLANG_WARN_OBJC_ROOT_CLASS = YES_ERROR;
				CLANG_WARN_QUOTED_INCLUDE_IN_FRAMEWORK_HEADER = YES;
				CLANG_WARN_RANGE_LOOP_ANALYSIS = YES;
				CLANG_WARN_STRICT_PROTOTYPES = YES;
				CLANG_WARN_SUSPICIOUS_MOVE = YES;
				CLANG_WARN_UNGUARDED_AVAILABILITY = YES_AGGRESSIVE;
				CLANG_WARN_UNREACHABLE_CODE = YES;
				CLANG_WARN__DUPLICATE_METHOD_MATCH = YES;
				COPY_PHASE_STRIP = NO;
				DEBUG_INFORMATION_FORMAT = dwarf;
				ENABLE_STRICT_OBJC_MSGSEND = YES;
				ENABLE_TESTABILITY = YES;
				ENABLE_USER_SCRIPT_SANDBOXING = YES;
				GCC_C_LANGUAGE_STANDARD = gnu17;
				GCC_DYNAMIC_NO_PIC = NO;
				GCC_NO_COMMON_BLOCKS = YES;
				GCC_OPTIMIZATION_LEVEL = 0;
				GCC_PREPROCESSOR_DEFINITIONS = (
					"DEBUG=1",
					"$(inherited)",
				);
				GCC_WARN_64_TO_32_BIT_CONVERSION = YES;
				GCC_WARN_ABOUT_RETURN_TYPE = YES_ERROR;
				GCC_WARN_UNDECLARED_SELECTOR = YES;
				GCC_WARN_UNINITIALIZED_AUTOS = YES_AGGRESSIVE;
				GCC_WARN_UNUSED_FUNCTION = YES;
				GCC_WARN_UNUSED_VARIABLE = YES;
				IPHONEOS_DEPLOYMENT_TARGET = 16.1;
				LOCALIZATION_PREFERS_STRING_CATALOGS = YES;
				MTL_ENABLE_DEBUG_INFO = INCLUDE_SOURCE;
				MTL_FAST_MATH = YES;
				ONLY_ACTIVE_ARCH = YES;
				SDKROOT = iphoneos;
				SWIFT_ACTIVE_COMPILATION_CONDITIONS = "DEBUG $(inherited)";
				SWIFT_OPTIMIZATION_LEVEL = "-Onone";
			};
			name = Debug;
		};
		149B2A422DDC263B005EA674 /* Release */ = {
			isa = XCBuildConfiguration;
			buildSettings = {
				ALWAYS_SEARCH_USER_PATHS = NO;
				ASSETCATALOG_COMPILER_GENERATE_SWIFT_ASSET_SYMBOL_EXTENSIONS = YES;
				CLANG_ANALYZER_NONNULL = YES;
				CLANG_ANALYZER_NUMBER_OBJECT_CONVERSION = YES_AGGRESSIVE;
				CLANG_CXX_LANGUAGE_STANDARD = "gnu++20";
				CLANG_ENABLE_MODULES = YES;
				CLANG_ENABLE_OBJC_ARC = YES;
				CLANG_ENABLE_OBJC_WEAK = YES;
				CLANG_WARN_BLOCK_CAPTURE_AUTORELEASING = YES;
				CLANG_WARN_BOOL_CONVERSION = YES;
				CLANG_WARN_COMMA = YES;
				CLANG_WARN_CONSTANT_CONVERSION = YES;
				CLANG_WARN_DEPRECATED_OBJC_IMPLEMENTATIONS = YES;
				CLANG_WARN_DIRECT_OBJC_ISA_USAGE = YES_ERROR;
				CLANG_WARN_DOCUMENTATION_COMMENTS = YES;
				CLANG_WARN_EMPTY_BODY = YES;
				CLANG_WARN_ENUM_CONVERSION = YES;
				CLANG_WARN_INFINITE_RECURSION = YES;
				CLANG_WARN_INT_CONVERSION = YES;
				CLANG_WARN_NON_LITERAL_NULL_CONVERSION = YES;
				CLANG_WARN_OBJC_IMPLICIT_RETAIN_SELF = YES;
				CLANG_WARN_OBJC_LITERAL_CONVERSION = YES;
				CLANG_WARN_OBJC_ROOT_CLASS = YES_ERROR;
				CLANG_WARN_QUOTED_INCLUDE_IN_FRAMEWORK_HEADER = YES;
				CLANG_WARN_RANGE_LOOP_ANALYSIS = YES;
				CLANG_WARN_STRICT_PROTOTYPES = YES;
				CLANG_WARN_SUSPICIOUS_MOVE = YES;
				CLANG_WARN_UNGUARDED_AVAILABILITY = YES_AGGRESSIVE;
				CLANG_WARN_UNREACHABLE_CODE = YES;
				CLANG_WARN__DUPLICATE_METHOD_MATCH = YES;
				COPY_PHASE_STRIP = NO;
				DEBUG_INFORMATION_FORMAT = "dwarf-with-dsym";
				ENABLE_NS_ASSERTIONS = NO;
				ENABLE_STRICT_OBJC_MSGSEND = YES;
				ENABLE_USER_SCRIPT_SANDBOXING = YES;
				GCC_C_LANGUAGE_STANDARD = gnu17;
				GCC_NO_COMMON_BLOCKS = YES;
				GCC_WARN_64_TO_32_BIT_CONVERSION = YES;
				GCC_WARN_ABOUT_RETURN_TYPE = YES_ERROR;
				GCC_WARN_UNDECLARED_SELECTOR = YES;
				GCC_WARN_UNINITIALIZED_AUTOS = YES_AGGRESSIVE;
				GCC_WARN_UNUSED_FUNCTION = YES;
				GCC_WARN_UNUSED_VARIABLE = YES;
				IPHONEOS_DEPLOYMENT_TARGET = 16.1;
				LOCALIZATION_PREFERS_STRING_CATALOGS = YES;
				MTL_ENABLE_DEBUG_INFO = NO;
				MTL_FAST_MATH = YES;
				SDKROOT = iphoneos;
				SWIFT_COMPILATION_MODE = wholemodule;
				VALIDATE_PRODUCT = YES;
			};
			name = Release;
		};
		149B2A442DDC263B005EA674 /* Debug */ = {
			isa = XCBuildConfiguration;
			buildSettings = {
				BUNDLE_LOADER = "$(TEST_HOST)";
				CODE_SIGN_STYLE = Automatic;
				CURRENT_PROJECT_VERSION = 1;
				DEVELOPMENT_TEAM = "";
				GENERATE_INFOPLIST_FILE = YES;
				IPHONEOS_DEPLOYMENT_TARGET = 18.3.1;
				MARKETING_VERSION = 1.0;
				PRODUCT_BUNDLE_IDENTIFIER = com.developAlot.AlarmTests;
				PRODUCT_NAME = "$(TARGET_NAME)";
				SWIFT_EMIT_LOC_STRINGS = NO;
				SWIFT_VERSION = 5.0;
				TARGETED_DEVICE_FAMILY = "1,2";
				TEST_HOST = "$(BUILT_PRODUCTS_DIR)/Beontteuk.app/$(BUNDLE_EXECUTABLE_FOLDER_PATH)/Beontteuk";
			};
			name = Debug;
		};
		149B2A452DDC263B005EA674 /* Release */ = {
			isa = XCBuildConfiguration;
			buildSettings = {
				BUNDLE_LOADER = "$(TEST_HOST)";
				CODE_SIGN_STYLE = Automatic;
				CURRENT_PROJECT_VERSION = 1;
				DEVELOPMENT_TEAM = "";
				GENERATE_INFOPLIST_FILE = YES;
				IPHONEOS_DEPLOYMENT_TARGET = 18.3.1;
				MARKETING_VERSION = 1.0;
				PRODUCT_BUNDLE_IDENTIFIER = com.developAlot.AlarmTests;
				PRODUCT_NAME = "$(TARGET_NAME)";
				SWIFT_EMIT_LOC_STRINGS = NO;
				SWIFT_VERSION = 5.0;
				TARGETED_DEVICE_FAMILY = "1,2";
				TEST_HOST = "$(BUILT_PRODUCTS_DIR)/Beontteuk.app/$(BUNDLE_EXECUTABLE_FOLDER_PATH)/Beontteuk";
			};
			name = Release;
		};
		149B2A472DDC263B005EA674 /* Debug */ = {
			isa = XCBuildConfiguration;
			buildSettings = {
				CODE_SIGN_STYLE = Automatic;
				CURRENT_PROJECT_VERSION = 1;
				GENERATE_INFOPLIST_FILE = YES;
				MARKETING_VERSION = 1.0;
				PRODUCT_BUNDLE_IDENTIFIER = com.developAlot.AlarmUITests;
				PRODUCT_NAME = "$(TARGET_NAME)";
				SWIFT_EMIT_LOC_STRINGS = NO;
				SWIFT_VERSION = 5.0;
				TARGETED_DEVICE_FAMILY = "1,2";
				TEST_TARGET_NAME = Alarm;
			};
			name = Debug;
		};
		149B2A482DDC263B005EA674 /* Release */ = {
			isa = XCBuildConfiguration;
			buildSettings = {
				CODE_SIGN_STYLE = Automatic;
				CURRENT_PROJECT_VERSION = 1;
				GENERATE_INFOPLIST_FILE = YES;
				MARKETING_VERSION = 1.0;
				PRODUCT_BUNDLE_IDENTIFIER = com.developAlot.AlarmUITests;
				PRODUCT_NAME = "$(TARGET_NAME)";
				SWIFT_EMIT_LOC_STRINGS = NO;
				SWIFT_VERSION = 5.0;
				TARGETED_DEVICE_FAMILY = "1,2";
				TEST_TARGET_NAME = Alarm;
			};
			name = Release;
		};
		C9D7FE372DE620CE00532EDF /* Debug */ = {
			isa = XCBuildConfiguration;
			buildSettings = {
				ASSETCATALOG_COMPILER_GLOBAL_ACCENT_COLOR_NAME = AccentColor;
				ASSETCATALOG_COMPILER_WIDGET_BACKGROUND_COLOR_NAME = WidgetBackground;
				CODE_SIGN_STYLE = Automatic;
				CURRENT_PROJECT_VERSION = 1;
				DEVELOPMENT_TEAM = YMLG3QVVWG;
				GENERATE_INFOPLIST_FILE = YES;
				INFOPLIST_FILE = BeontteukWidget/Info.plist;
				INFOPLIST_KEY_CFBundleDisplayName = BeontteukWidget;
				INFOPLIST_KEY_NSHumanReadableCopyright = "";
				IPHONEOS_DEPLOYMENT_TARGET = 18.4;
				LD_RUNPATH_SEARCH_PATHS = (
					"$(inherited)",
					"@executable_path/Frameworks",
					"@executable_path/../../Frameworks",
				);
				MARKETING_VERSION = 1.0;
				PRODUCT_BUNDLE_IDENTIFIER = com.developAlot.Beontteuk.BeontteukWidget;
				PRODUCT_NAME = "$(TARGET_NAME)";
				SKIP_INSTALL = YES;
				SWIFT_EMIT_LOC_STRINGS = YES;
				SWIFT_VERSION = 5.0;
				TARGETED_DEVICE_FAMILY = "1,2";
			};
			name = Debug;
		};
		C9D7FE382DE620CE00532EDF /* Release */ = {
			isa = XCBuildConfiguration;
			buildSettings = {
				ASSETCATALOG_COMPILER_GLOBAL_ACCENT_COLOR_NAME = AccentColor;
				ASSETCATALOG_COMPILER_WIDGET_BACKGROUND_COLOR_NAME = WidgetBackground;
				CODE_SIGN_STYLE = Automatic;
				CURRENT_PROJECT_VERSION = 1;
				DEVELOPMENT_TEAM = YMLG3QVVWG;
				GENERATE_INFOPLIST_FILE = YES;
				INFOPLIST_FILE = BeontteukWidget/Info.plist;
				INFOPLIST_KEY_CFBundleDisplayName = BeontteukWidget;
				INFOPLIST_KEY_NSHumanReadableCopyright = "";
				IPHONEOS_DEPLOYMENT_TARGET = 18.4;
				LD_RUNPATH_SEARCH_PATHS = (
					"$(inherited)",
					"@executable_path/Frameworks",
					"@executable_path/../../Frameworks",
				);
				MARKETING_VERSION = 1.0;
				PRODUCT_BUNDLE_IDENTIFIER = com.developAlot.Beontteuk.BeontteukWidget;
				PRODUCT_NAME = "$(TARGET_NAME)";
				SKIP_INSTALL = YES;
				SWIFT_EMIT_LOC_STRINGS = YES;
				SWIFT_VERSION = 5.0;
				TARGETED_DEVICE_FAMILY = "1,2";
			};
			name = Release;
		};
/* End XCBuildConfiguration section */

/* Begin XCConfigurationList section */
		149B2A0D2DDC263A005EA674 /* Build configuration list for PBXProject "Beontteuk" */ = {
			isa = XCConfigurationList;
			buildConfigurations = (
				149B2A412DDC263B005EA674 /* Debug */,
				149B2A422DDC263B005EA674 /* Release */,
			);
			defaultConfigurationIsVisible = 0;
			defaultConfigurationName = Release;
		};
		149B2A3E2DDC263B005EA674 /* Build configuration list for PBXNativeTarget "Beontteuk" */ = {
			isa = XCConfigurationList;
			buildConfigurations = (
				149B2A3F2DDC263B005EA674 /* Debug */,
				149B2A402DDC263B005EA674 /* Release */,
			);
			defaultConfigurationIsVisible = 0;
			defaultConfigurationName = Release;
		};
		149B2A432DDC263B005EA674 /* Build configuration list for PBXNativeTarget "BeontteukTests" */ = {
			isa = XCConfigurationList;
			buildConfigurations = (
				149B2A442DDC263B005EA674 /* Debug */,
				149B2A452DDC263B005EA674 /* Release */,
			);
			defaultConfigurationIsVisible = 0;
			defaultConfigurationName = Release;
		};
		149B2A462DDC263B005EA674 /* Build configuration list for PBXNativeTarget "BeontteukUITests" */ = {
			isa = XCConfigurationList;
			buildConfigurations = (
				149B2A472DDC263B005EA674 /* Debug */,
				149B2A482DDC263B005EA674 /* Release */,
			);
			defaultConfigurationIsVisible = 0;
			defaultConfigurationName = Release;
		};
		C9D7FE392DE620CE00532EDF /* Build configuration list for PBXNativeTarget "BeontteukWidgetExtension" */ = {
			isa = XCConfigurationList;
			buildConfigurations = (
				C9D7FE372DE620CE00532EDF /* Debug */,
				C9D7FE382DE620CE00532EDF /* Release */,
			);
			defaultConfigurationIsVisible = 0;
			defaultConfigurationName = Release;
		};
/* End XCConfigurationList section */

/* Begin XCRemoteSwiftPackageReference section */
		149B2D0A2DDC3546005EA674 /* XCRemoteSwiftPackageReference "RxSwift" */ = {
			isa = XCRemoteSwiftPackageReference;
			repositoryURL = "https://github.com/ReactiveX/RxSwift.git";
			requirement = {
				kind = upToNextMajorVersion;
				minimumVersion = 6.9.0;
			};
		};
		149B2D112DDC3553005EA674 /* XCRemoteSwiftPackageReference "SnapKit" */ = {
			isa = XCRemoteSwiftPackageReference;
			repositoryURL = "https://github.com/SnapKit/SnapKit.git";
			requirement = {
				kind = upToNextMajorVersion;
				minimumVersion = 5.7.1;
			};
		};
		149B2D142DDC355E005EA674 /* XCRemoteSwiftPackageReference "Then" */ = {
			isa = XCRemoteSwiftPackageReference;
			repositoryURL = "https://github.com/devxoul/Then.git";
			requirement = {
				kind = upToNextMajorVersion;
				minimumVersion = 3.0.0;
			};
		};
		8615407C2DDDB6240099D412 /* XCRemoteSwiftPackageReference "RxDataSources" */ = {
			isa = XCRemoteSwiftPackageReference;
			repositoryURL = "https://github.com/RxSwiftCommunity/RxDataSources.git";
			requirement = {
				kind = upToNextMajorVersion;
				minimumVersion = 5.0.2;
			};
		};
/* End XCRemoteSwiftPackageReference section */

/* Begin XCSwiftPackageProductDependency section */
		149B2D0B2DDC3546005EA674 /* RxCocoa */ = {
			isa = XCSwiftPackageProductDependency;
			package = 149B2D0A2DDC3546005EA674 /* XCRemoteSwiftPackageReference "RxSwift" */;
			productName = RxCocoa;
		};
		149B2D0D2DDC3546005EA674 /* RxRelay */ = {
			isa = XCSwiftPackageProductDependency;
			package = 149B2D0A2DDC3546005EA674 /* XCRemoteSwiftPackageReference "RxSwift" */;
			productName = RxRelay;
		};
		149B2D0F2DDC3546005EA674 /* RxSwift */ = {
			isa = XCSwiftPackageProductDependency;
			package = 149B2D0A2DDC3546005EA674 /* XCRemoteSwiftPackageReference "RxSwift" */;
			productName = RxSwift;
		};
		149B2D122DDC3553005EA674 /* SnapKit */ = {
			isa = XCSwiftPackageProductDependency;
			package = 149B2D112DDC3553005EA674 /* XCRemoteSwiftPackageReference "SnapKit" */;
			productName = SnapKit;
		};
		149B2D152DDC355E005EA674 /* Then */ = {
			isa = XCSwiftPackageProductDependency;
			package = 149B2D142DDC355E005EA674 /* XCRemoteSwiftPackageReference "Then" */;
			productName = Then;
		};
		8615407D2DDDB6240099D412 /* RxDataSources */ = {
			isa = XCSwiftPackageProductDependency;
			package = 8615407C2DDDB6240099D412 /* XCRemoteSwiftPackageReference "RxDataSources" */;
			productName = RxDataSources;
		};
/* End XCSwiftPackageProductDependency section */
	};
	rootObject = 149B2A0A2DDC263A005EA674 /* Project object */;
}
